
Microsoft Visual Studio Solution File, Format Version 12.00
# Visual Studio Version 16
VisualStudioVersion = 16.0.34114.132
MinimumVisualStudioVersion = 10.0.40219.1
Project("{FAE04EC0-301F-11D3-BF4B-00C04F79EFBC}") = "ArkeneaUserProfile", "ArkeneaUserProfile\ArkeneaUserProfile.csproj", "{442350F6-EB6D-4139-B68E-F2C98937314B}"
EndProject
Global
	GlobalSection(SolutionConfigurationPlatforms) = preSolution
		Debug|Any CPU = Debug|Any CPU
		Release|Any CPU = Release|Any CPU
	EndGlobalSection
	GlobalSection(ProjectConfigurationPlatforms) = postSolution
		{442350F6-EB6D-4139-B68E-F2C98937314B}.Debug|Any CPU.ActiveCfg = Debug|Any CPU
		{442350F6-EB6D-4139-B68E-F2C98937314B}.Debug|Any CPU.Build.0 = Debug|Any CPU
		{442350F6-EB6D-4139-B68E-F2C98937314B}.Release|Any CPU.ActiveCfg = Release|Any CPU
		{442350F6-EB6D-4139-B68E-F2C98937314B}.Release|Any CPU.Build.0 = Release|Any CPU
	EndGlobalSection
	GlobalSection(SolutionProperties) = preSolution
		HideSolutionNode = FALSE
	EndGlobalSection
	GlobalSection(ExtensibilityGlobals) = postSolution
		SolutionGuid = {32A4A7D7-1908-4D6F-A8A0-D0B278E6C1A5}
	EndGlobalSection
EndGlobal
